// !$*UTF8*$!
{
	archiveVersion = 1;
	classes = {
	};
	objectVersion = 50;
	objects = {

/* Begin PBXBuildFile section */
		2A7F871425668B7F00C49AFF /* HackerNewsServiceTests.swift in Sources */ = {isa = PBXBuildFile; fileRef = 2A7F871325668B7F00C49AFF /* HackerNewsServiceTests.swift */; };
		2A7F872025668F9100C49AFF /* CacheManager.swift in Sources */ = {isa = PBXBuildFile; fileRef = 2A7F871F25668F9100C49AFF /* CacheManager.swift */; };
		2A7F87262566AF1700C49AFF /* BaseCoordinator.swift in Sources */ = {isa = PBXBuildFile; fileRef = 2A7F87252566AF1700C49AFF /* BaseCoordinator.swift */; };
		2A7F872A2566AF1F00C49AFF /* AppCoordinator.swift in Sources */ = {isa = PBXBuildFile; fileRef = 2A7F87292566AF1F00C49AFF /* AppCoordinator.swift */; };
		2A7F872F2566AF7000C49AFF /* Storyboarded.swift in Sources */ = {isa = PBXBuildFile; fileRef = 2A7F872E2566AF7000C49AFF /* Storyboarded.swift */; };
		2A7F87332566AF8000C49AFF /* Coordinator.swift in Sources */ = {isa = PBXBuildFile; fileRef = 2A7F87322566AF8000C49AFF /* Coordinator.swift */; };
		2A7F87372566B24E00C49AFF /* HackerNewsCoordinator.swift in Sources */ = {isa = PBXBuildFile; fileRef = 2A7F87362566B24E00C49AFF /* HackerNewsCoordinator.swift */; };
		2A7F873D2566BCFC00C49AFF /* WebViewController.swift in Sources */ = {isa = PBXBuildFile; fileRef = 2A7F873C2566BCFC00C49AFF /* WebViewController.swift */; };
		2A7F87412566BD3700C49AFF /* WebViewController.xib in Resources */ = {isa = PBXBuildFile; fileRef = 2A7F87402566BD3700C49AFF /* WebViewController.xib */; };
		2A7F87452566C10500C49AFF /* WebViewCoordinator.swift in Sources */ = {isa = PBXBuildFile; fileRef = 2A7F87442566C10500C49AFF /* WebViewCoordinator.swift */; };
		2A7F8B872566F24A00C49AFF /* DateFormatter+Extensions.swift in Sources */ = {isa = PBXBuildFile; fileRef = 2A7F8B862566F24A00C49AFF /* DateFormatter+Extensions.swift */; };
		2A7F8B8B2566F26600C49AFF /* Date+Extensions.swift in Sources */ = {isa = PBXBuildFile; fileRef = 2A7F8B8A2566F26600C49AFF /* Date+Extensions.swift */; };
		2A7F8B902566F53200C49AFF /* HackerNewsDTO.swift in Sources */ = {isa = PBXBuildFile; fileRef = 2A7F8B8F2566F53200C49AFF /* HackerNewsDTO.swift */; };
		2A7F8B982566F56E00C49AFF /* HackerNew.swift in Sources */ = {isa = PBXBuildFile; fileRef = 2A7F8B972566F56E00C49AFF /* HackerNew.swift */; };
		2ABC689A2565936100754BDD /* AppDelegate.swift in Sources */ = {isa = PBXBuildFile; fileRef = 2ABC68992565936100754BDD /* AppDelegate.swift */; };
		2ABC689C2565936100754BDD /* SceneDelegate.swift in Sources */ = {isa = PBXBuildFile; fileRef = 2ABC689B2565936100754BDD /* SceneDelegate.swift */; };
		2ABC68A12565936100754BDD /* Main.storyboard in Resources */ = {isa = PBXBuildFile; fileRef = 2ABC689F2565936100754BDD /* Main.storyboard */; };
		2ABC68A32565936100754BDD /* Assets.xcassets in Resources */ = {isa = PBXBuildFile; fileRef = 2ABC68A22565936100754BDD /* Assets.xcassets */; };
		2ABC68A62565936100754BDD /* LaunchScreen.storyboard in Resources */ = {isa = PBXBuildFile; fileRef = 2ABC68A42565936100754BDD /* LaunchScreen.storyboard */; };
		2ABC68B12565936100754BDD /* HackerNewsAppTests.swift in Sources */ = {isa = PBXBuildFile; fileRef = 2ABC68B02565936100754BDD /* HackerNewsAppTests.swift */; };
		2ABC68DA2565954000754BDD /* NetworkManagerTests.swift in Sources */ = {isa = PBXBuildFile; fileRef = 2ABC68D92565954000754BDD /* NetworkManagerTests.swift */; };
		2ABC68E22565B3A000754BDD /* Mocks.swift in Sources */ = {isa = PBXBuildFile; fileRef = 2ABC68E12565B3A000754BDD /* Mocks.swift */; };
		2ABC68E72565B41800754BDD /* NetworkManager.swift in Sources */ = {isa = PBXBuildFile; fileRef = 2ABC68E62565B41800754BDD /* NetworkManager.swift */; };
		2ABC68EC2565B42C00754BDD /* NetworkRequest.swift in Sources */ = {isa = PBXBuildFile; fileRef = 2ABC68EB2565B42C00754BDD /* NetworkRequest.swift */; };
		2ABC68F22565B44800754BDD /* HTTPMethod.swift in Sources */ = {isa = PBXBuildFile; fileRef = 2ABC68F12565B44800754BDD /* HTTPMethod.swift */; };
		2ABC68F72565B45900754BDD /* HTTPHeader.swift in Sources */ = {isa = PBXBuildFile; fileRef = 2ABC68F62565B45900754BDD /* HTTPHeader.swift */; };
		2ABC68FC2565B46900754BDD /* APIRequest.swift in Sources */ = {isa = PBXBuildFile; fileRef = 2ABC68FB2565B46900754BDD /* APIRequest.swift */; };
		2ABC69012565B48100754BDD /* APIError.swift in Sources */ = {isa = PBXBuildFile; fileRef = 2ABC69002565B48100754BDD /* APIError.swift */; };
		2ABC69062565B49200754BDD /* APIResult.swift in Sources */ = {isa = PBXBuildFile; fileRef = 2ABC69052565B49200754BDD /* APIResult.swift */; };
		2ABC690B2565B49C00754BDD /* NetworkError.swift in Sources */ = {isa = PBXBuildFile; fileRef = 2ABC690A2565B49C00754BDD /* NetworkError.swift */; };
		2ABC69112565B4D600754BDD /* URLRequestBuilder.swift in Sources */ = {isa = PBXBuildFile; fileRef = 2ABC69102565B4D600754BDD /* URLRequestBuilder.swift */; };
		2ABC691E2565D1CA00754BDD /* APIRequests.swift in Sources */ = {isa = PBXBuildFile; fileRef = 2ABC691D2565D1CA00754BDD /* APIRequests.swift */; };
		2ABC69282565D51400754BDD /* HackerNewsService.swift in Sources */ = {isa = PBXBuildFile; fileRef = 2ABC69272565D51400754BDD /* HackerNewsService.swift */; };
		2ABC69372565D67B00754BDD /* HackerNewsViewController.swift in Sources */ = {isa = PBXBuildFile; fileRef = 2ABC69362565D67B00754BDD /* HackerNewsViewController.swift */; };
		2ABC693B2565D71000754BDD /* UITableView+Extensions.swift in Sources */ = {isa = PBXBuildFile; fileRef = 2ABC693A2565D71000754BDD /* UITableView+Extensions.swift */; };
		2ABC693F2565D73700754BDD /* UIViewController+Extensions.swift in Sources */ = {isa = PBXBuildFile; fileRef = 2ABC693E2565D73700754BDD /* UIViewController+Extensions.swift */; };
		2ABC694A2565D78500754BDD /* HackerNewTableViewCell.swift in Sources */ = {isa = PBXBuildFile; fileRef = 2ABC69492565D78500754BDD /* HackerNewTableViewCell.swift */; };
		2ABC694F2565D7B100754BDD /* HackerNewTableViewCell.xib in Resources */ = {isa = PBXBuildFile; fileRef = 2ABC694E2565D7B100754BDD /* HackerNewTableViewCell.xib */; };
		2ABC69542565DAB100754BDD /* Dynamic.swift in Sources */ = {isa = PBXBuildFile; fileRef = 2ABC69532565DAB100754BDD /* Dynamic.swift */; };
		2ABC695A2565DAD100754BDD /* HackerNewsViewModel.swift in Sources */ = {isa = PBXBuildFile; fileRef = 2ABC69592565DAD100754BDD /* HackerNewsViewModel.swift */; };
/* End PBXBuildFile section */

/* Begin PBXContainerItemProxy section */
		2ABC68AD2565936100754BDD /* PBXContainerItemProxy */ = {
			isa = PBXContainerItemProxy;
			containerPortal = 2ABC688E2565936100754BDD /* Project object */;
			proxyType = 1;
			remoteGlobalIDString = 2ABC68952565936100754BDD;
			remoteInfo = HackerNewsApp;
		};
/* End PBXContainerItemProxy section */

/* Begin PBXFileReference section */
		2A7F871325668B7F00C49AFF /* HackerNewsServiceTests.swift */ = {isa = PBXFileReference; lastKnownFileType = sourcecode.swift; path = HackerNewsServiceTests.swift; sourceTree = "<group>"; };
		2A7F871F25668F9100C49AFF /* CacheManager.swift */ = {isa = PBXFileReference; lastKnownFileType = sourcecode.swift; path = CacheManager.swift; sourceTree = "<group>"; };
		2A7F87252566AF1700C49AFF /* BaseCoordinator.swift */ = {isa = PBXFileReference; lastKnownFileType = sourcecode.swift; path = BaseCoordinator.swift; sourceTree = "<group>"; };
		2A7F87292566AF1F00C49AFF /* AppCoordinator.swift */ = {isa = PBXFileReference; lastKnownFileType = sourcecode.swift; path = AppCoordinator.swift; sourceTree = "<group>"; };
		2A7F872E2566AF7000C49AFF /* Storyboarded.swift */ = {isa = PBXFileReference; lastKnownFileType = sourcecode.swift; path = Storyboarded.swift; sourceTree = "<group>"; };
		2A7F87322566AF8000C49AFF /* Coordinator.swift */ = {isa = PBXFileReference; lastKnownFileType = sourcecode.swift; path = Coordinator.swift; sourceTree = "<group>"; };
		2A7F87362566B24E00C49AFF /* HackerNewsCoordinator.swift */ = {isa = PBXFileReference; lastKnownFileType = sourcecode.swift; path = HackerNewsCoordinator.swift; sourceTree = "<group>"; };
		2A7F873C2566BCFC00C49AFF /* WebViewController.swift */ = {isa = PBXFileReference; lastKnownFileType = sourcecode.swift; path = WebViewController.swift; sourceTree = "<group>"; };
		2A7F87402566BD3700C49AFF /* WebViewController.xib */ = {isa = PBXFileReference; lastKnownFileType = file.xib; path = WebViewController.xib; sourceTree = "<group>"; };
		2A7F87442566C10500C49AFF /* WebViewCoordinator.swift */ = {isa = PBXFileReference; lastKnownFileType = sourcecode.swift; path = WebViewCoordinator.swift; sourceTree = "<group>"; };
		2A7F8B862566F24A00C49AFF /* DateFormatter+Extensions.swift */ = {isa = PBXFileReference; lastKnownFileType = sourcecode.swift; path = "DateFormatter+Extensions.swift"; sourceTree = "<group>"; };
		2A7F8B8A2566F26600C49AFF /* Date+Extensions.swift */ = {isa = PBXFileReference; lastKnownFileType = sourcecode.swift; path = "Date+Extensions.swift"; sourceTree = "<group>"; };
		2A7F8B8F2566F53200C49AFF /* HackerNewsDTO.swift */ = {isa = PBXFileReference; lastKnownFileType = sourcecode.swift; path = HackerNewsDTO.swift; sourceTree = "<group>"; };
		2A7F8B972566F56E00C49AFF /* HackerNew.swift */ = {isa = PBXFileReference; lastKnownFileType = sourcecode.swift; path = HackerNew.swift; sourceTree = "<group>"; };
		2ABC68962565936100754BDD /* HackerNewsApp.app */ = {isa = PBXFileReference; explicitFileType = wrapper.application; includeInIndex = 0; path = HackerNewsApp.app; sourceTree = BUILT_PRODUCTS_DIR; };
		2ABC68992565936100754BDD /* AppDelegate.swift */ = {isa = PBXFileReference; lastKnownFileType = sourcecode.swift; path = AppDelegate.swift; sourceTree = "<group>"; };
		2ABC689B2565936100754BDD /* SceneDelegate.swift */ = {isa = PBXFileReference; lastKnownFileType = sourcecode.swift; path = SceneDelegate.swift; sourceTree = "<group>"; };
		2ABC68A02565936100754BDD /* Base */ = {isa = PBXFileReference; lastKnownFileType = file.storyboard; name = Base; path = Base.lproj/Main.storyboard; sourceTree = "<group>"; };
		2ABC68A22565936100754BDD /* Assets.xcassets */ = {isa = PBXFileReference; lastKnownFileType = folder.assetcatalog; path = Assets.xcassets; sourceTree = "<group>"; };
		2ABC68A52565936100754BDD /* Base */ = {isa = PBXFileReference; lastKnownFileType = file.storyboard; name = Base; path = Base.lproj/LaunchScreen.storyboard; sourceTree = "<group>"; };
		2ABC68A72565936100754BDD /* Info.plist */ = {isa = PBXFileReference; lastKnownFileType = text.plist.xml; path = Info.plist; sourceTree = "<group>"; };
		2ABC68AC2565936100754BDD /* HackerNewsAppTests.xctest */ = {isa = PBXFileReference; explicitFileType = wrapper.cfbundle; includeInIndex = 0; path = HackerNewsAppTests.xctest; sourceTree = BUILT_PRODUCTS_DIR; };
		2ABC68B02565936100754BDD /* HackerNewsAppTests.swift */ = {isa = PBXFileReference; lastKnownFileType = sourcecode.swift; path = HackerNewsAppTests.swift; sourceTree = "<group>"; };
		2ABC68B22565936200754BDD /* Info.plist */ = {isa = PBXFileReference; lastKnownFileType = text.plist.xml; path = Info.plist; sourceTree = "<group>"; };
		2ABC68D92565954000754BDD /* NetworkManagerTests.swift */ = {isa = PBXFileReference; lastKnownFileType = sourcecode.swift; path = NetworkManagerTests.swift; sourceTree = "<group>"; };
		2ABC68E12565B3A000754BDD /* Mocks.swift */ = {isa = PBXFileReference; lastKnownFileType = sourcecode.swift; path = Mocks.swift; sourceTree = "<group>"; };
		2ABC68E62565B41800754BDD /* NetworkManager.swift */ = {isa = PBXFileReference; lastKnownFileType = sourcecode.swift; path = NetworkManager.swift; sourceTree = "<group>"; };
		2ABC68EB2565B42C00754BDD /* NetworkRequest.swift */ = {isa = PBXFileReference; lastKnownFileType = sourcecode.swift; path = NetworkRequest.swift; sourceTree = "<group>"; };
		2ABC68F12565B44800754BDD /* HTTPMethod.swift */ = {isa = PBXFileReference; lastKnownFileType = sourcecode.swift; path = HTTPMethod.swift; sourceTree = "<group>"; };
		2ABC68F62565B45900754BDD /* HTTPHeader.swift */ = {isa = PBXFileReference; lastKnownFileType = sourcecode.swift; path = HTTPHeader.swift; sourceTree = "<group>"; };
		2ABC68FB2565B46900754BDD /* APIRequest.swift */ = {isa = PBXFileReference; lastKnownFileType = sourcecode.swift; path = APIRequest.swift; sourceTree = "<group>"; };
		2ABC69002565B48100754BDD /* APIError.swift */ = {isa = PBXFileReference; lastKnownFileType = sourcecode.swift; path = APIError.swift; sourceTree = "<group>"; };
		2ABC69052565B49200754BDD /* APIResult.swift */ = {isa = PBXFileReference; lastKnownFileType = sourcecode.swift; path = APIResult.swift; sourceTree = "<group>"; };
		2ABC690A2565B49C00754BDD /* NetworkError.swift */ = {isa = PBXFileReference; lastKnownFileType = sourcecode.swift; path = NetworkError.swift; sourceTree = "<group>"; };
		2ABC69102565B4D600754BDD /* URLRequestBuilder.swift */ = {isa = PBXFileReference; lastKnownFileType = sourcecode.swift; path = URLRequestBuilder.swift; sourceTree = "<group>"; };
		2ABC691D2565D1CA00754BDD /* APIRequests.swift */ = {isa = PBXFileReference; lastKnownFileType = sourcecode.swift; path = APIRequests.swift; sourceTree = "<group>"; };
		2ABC69272565D51400754BDD /* HackerNewsService.swift */ = {isa = PBXFileReference; lastKnownFileType = sourcecode.swift; path = HackerNewsService.swift; sourceTree = "<group>"; };
		2ABC69362565D67B00754BDD /* HackerNewsViewController.swift */ = {isa = PBXFileReference; lastKnownFileType = sourcecode.swift; path = HackerNewsViewController.swift; sourceTree = "<group>"; };
		2ABC693A2565D71000754BDD /* UITableView+Extensions.swift */ = {isa = PBXFileReference; lastKnownFileType = sourcecode.swift; path = "UITableView+Extensions.swift"; sourceTree = "<group>"; };
		2ABC693E2565D73700754BDD /* UIViewController+Extensions.swift */ = {isa = PBXFileReference; lastKnownFileType = sourcecode.swift; path = "UIViewController+Extensions.swift"; sourceTree = "<group>"; };
		2ABC69492565D78500754BDD /* HackerNewTableViewCell.swift */ = {isa = PBXFileReference; lastKnownFileType = sourcecode.swift; path = HackerNewTableViewCell.swift; sourceTree = "<group>"; };
		2ABC694E2565D7B100754BDD /* HackerNewTableViewCell.xib */ = {isa = PBXFileReference; lastKnownFileType = file.xib; path = HackerNewTableViewCell.xib; sourceTree = "<group>"; };
		2ABC69532565DAB100754BDD /* Dynamic.swift */ = {isa = PBXFileReference; lastKnownFileType = sourcecode.swift; path = Dynamic.swift; sourceTree = "<group>"; };
		2ABC69592565DAD100754BDD /* HackerNewsViewModel.swift */ = {isa = PBXFileReference; lastKnownFileType = sourcecode.swift; path = HackerNewsViewModel.swift; sourceTree = "<group>"; };
/* End PBXFileReference section */

/* Begin PBXFrameworksBuildPhase section */
		2ABC68932565936100754BDD /* Frameworks */ = {
			isa = PBXFrameworksBuildPhase;
			buildActionMask = 2147483647;
			files = (
			);
			runOnlyForDeploymentPostprocessing = 0;
		};
		2ABC68A92565936100754BDD /* Frameworks */ = {
			isa = PBXFrameworksBuildPhase;
			buildActionMask = 2147483647;
			files = (
			);
			runOnlyForDeploymentPostprocessing = 0;
		};
/* End PBXFrameworksBuildPhase section */

/* Begin PBXGroup section */
		2A7F871225668B6700C49AFF /* Services */ = {
			isa = PBXGroup;
			children = (
				2A7F871325668B7F00C49AFF /* HackerNewsServiceTests.swift */,
			);
			path = Services;
			sourceTree = "<group>";
		};
		2A7F872D2566AF5D00C49AFF /* Protocols */ = {
			isa = PBXGroup;
			children = (
				2A7F872E2566AF7000C49AFF /* Storyboarded.swift */,
				2A7F87322566AF8000C49AFF /* Coordinator.swift */,
			);
			path = Protocols;
			sourceTree = "<group>";
		};
		2A7F8B8E2566F52800C49AFF /* DTOs */ = {
			isa = PBXGroup;
			children = (
				2A7F8B8F2566F53200C49AFF /* HackerNewsDTO.swift */,
			);
			path = DTOs;
			sourceTree = "<group>";
		};
		2ABC688D2565936100754BDD = {
			isa = PBXGroup;
			children = (
				2ABC68982565936100754BDD /* HackerNewsApp */,
				2ABC68AF2565936100754BDD /* HackerNewsAppTests */,
				2ABC68972565936100754BDD /* Products */,
			);
			sourceTree = "<group>";
		};
		2ABC68972565936100754BDD /* Products */ = {
			isa = PBXGroup;
			children = (
				2ABC68962565936100754BDD /* HackerNewsApp.app */,
				2ABC68AC2565936100754BDD /* HackerNewsAppTests.xctest */,
			);
			name = Products;
			sourceTree = "<group>";
		};
		2ABC68982565936100754BDD /* HackerNewsApp */ = {
			isa = PBXGroup;
			children = (
				2ABC68D7256594F700754BDD /* Models */,
				2ABC68D6256594F000754BDD /* Extensions */,
				2ABC68D5256594E900754BDD /* Networking */,
				2ABC68D4256594E200754BDD /* Controllers */,
				2ABC68D3256594DE00754BDD /* Views */,
				2ABC68D2256594D800754BDD /* ViewModels */,
				2ABC68D1256594D400754BDD /* Coordinators */,
				2ABC68D0256594D000754BDD /* Utils */,
				2ABC68CF256594C900754BDD /* Services */,
				2ABC68992565936100754BDD /* AppDelegate.swift */,
				2ABC689B2565936100754BDD /* SceneDelegate.swift */,
				2ABC689F2565936100754BDD /* Main.storyboard */,
				2ABC68A22565936100754BDD /* Assets.xcassets */,
				2ABC68A42565936100754BDD /* LaunchScreen.storyboard */,
				2ABC68A72565936100754BDD /* Info.plist */,
			);
			path = HackerNewsApp;
			sourceTree = "<group>";
		};
		2ABC68AF2565936100754BDD /* HackerNewsAppTests */ = {
			isa = PBXGroup;
			children = (
				2A7F871225668B6700C49AFF /* Services */,
				2ABC68D82565953200754BDD /* Networking */,
				2ABC68B02565936100754BDD /* HackerNewsAppTests.swift */,
				2ABC68B22565936200754BDD /* Info.plist */,
			);
			path = HackerNewsAppTests;
			sourceTree = "<group>";
		};
		2ABC68CF256594C900754BDD /* Services */ = {
			isa = PBXGroup;
			children = (
				2ABC69272565D51400754BDD /* HackerNewsService.swift */,
				2A7F871F25668F9100C49AFF /* CacheManager.swift */,
			);
			path = Services;
			sourceTree = "<group>";
		};
		2ABC68D0256594D000754BDD /* Utils */ = {
			isa = PBXGroup;
			children = (
				2ABC69532565DAB100754BDD /* Dynamic.swift */,
			);
			path = Utils;
			sourceTree = "<group>";
		};
		2ABC68D1256594D400754BDD /* Coordinators */ = {
			isa = PBXGroup;
			children = (
				2A7F872D2566AF5D00C49AFF /* Protocols */,
				2A7F87252566AF1700C49AFF /* BaseCoordinator.swift */,
				2A7F87292566AF1F00C49AFF /* AppCoordinator.swift */,
				2A7F87362566B24E00C49AFF /* HackerNewsCoordinator.swift */,
				2A7F87442566C10500C49AFF /* WebViewCoordinator.swift */,
			);
			path = Coordinators;
			sourceTree = "<group>";
		};
		2ABC68D2256594D800754BDD /* ViewModels */ = {
			isa = PBXGroup;
			children = (
				2ABC69592565DAD100754BDD /* HackerNewsViewModel.swift */,
			);
			path = ViewModels;
			sourceTree = "<group>";
		};
		2ABC68D3256594DE00754BDD /* Views */ = {
			isa = PBXGroup;
			children = (
				2ABC694D2565D7A300754BDD /* Cells */,
				2A7F87402566BD3700C49AFF /* WebViewController.xib */,
			);
			path = Views;
			sourceTree = "<group>";
		};
		2ABC68D4256594E200754BDD /* Controllers */ = {
			isa = PBXGroup;
			children = (
				2ABC69422565D76700754BDD /* Cells */,
				2ABC69362565D67B00754BDD /* HackerNewsViewController.swift */,
				2A7F873C2566BCFC00C49AFF /* WebViewController.swift */,
			);
			path = Controllers;
			sourceTree = "<group>";
		};
		2ABC68D5256594E900754BDD /* Networking */ = {
			isa = PBXGroup;
			children = (
				2ABC690F2565B4CD00754BDD /* Utils */,
				2ABC68F02565B43800754BDD /* HTTPObjects */,
				2ABC68E62565B41800754BDD /* NetworkManager.swift */,
				2ABC68EB2565B42C00754BDD /* NetworkRequest.swift */,
				2ABC68FB2565B46900754BDD /* APIRequest.swift */,
				2ABC69002565B48100754BDD /* APIError.swift */,
				2ABC69052565B49200754BDD /* APIResult.swift */,
				2ABC690A2565B49C00754BDD /* NetworkError.swift */,
				2ABC691D2565D1CA00754BDD /* APIRequests.swift */,
			);
			path = Networking;
			sourceTree = "<group>";
		};
		2ABC68D6256594F000754BDD /* Extensions */ = {
			isa = PBXGroup;
			children = (
				2ABC693A2565D71000754BDD /* UITableView+Extensions.swift */,
				2ABC693E2565D73700754BDD /* UIViewController+Extensions.swift */,
				2A7F8B862566F24A00C49AFF /* DateFormatter+Extensions.swift */,
				2A7F8B8A2566F26600C49AFF /* Date+Extensions.swift */,
			);
			path = Extensions;
			sourceTree = "<group>";
		};
		2ABC68D7256594F700754BDD /* Models */ = {
			isa = PBXGroup;
			children = (
				2A7F8B8E2566F52800C49AFF /* DTOs */,
				2A7F8B972566F56E00C49AFF /* HackerNew.swift */,
			);
			path = Models;
			sourceTree = "<group>";
		};
		2ABC68D82565953200754BDD /* Networking */ = {
			isa = PBXGroup;
			children = (
				2ABC68D92565954000754BDD /* NetworkManagerTests.swift */,
				2ABC68E12565B3A000754BDD /* Mocks.swift */,
			);
			path = Networking;
			sourceTree = "<group>";
		};
		2ABC68F02565B43800754BDD /* HTTPObjects */ = {
			isa = PBXGroup;
			children = (
				2ABC68F12565B44800754BDD /* HTTPMethod.swift */,
				2ABC68F62565B45900754BDD /* HTTPHeader.swift */,
			);
			path = HTTPObjects;
			sourceTree = "<group>";
		};
		2ABC690F2565B4CD00754BDD /* Utils */ = {
			isa = PBXGroup;
			children = (
				2ABC69102565B4D600754BDD /* URLRequestBuilder.swift */,
			);
			path = Utils;
			sourceTree = "<group>";
		};
		2ABC69422565D76700754BDD /* Cells */ = {
			isa = PBXGroup;
			children = (
				2ABC69492565D78500754BDD /* HackerNewTableViewCell.swift */,
			);
			path = Cells;
			sourceTree = "<group>";
		};
		2ABC694D2565D7A300754BDD /* Cells */ = {
			isa = PBXGroup;
			children = (
				2ABC694E2565D7B100754BDD /* HackerNewTableViewCell.xib */,
			);
			path = Cells;
			sourceTree = "<group>";
		};
/* End PBXGroup section */

/* Begin PBXNativeTarget section */
		2ABC68952565936100754BDD /* HackerNewsApp */ = {
			isa = PBXNativeTarget;
			buildConfigurationList = 2ABC68C02565936200754BDD /* Build configuration list for PBXNativeTarget "HackerNewsApp" */;
			buildPhases = (
				2ABC68922565936100754BDD /* Sources */,
				2ABC68932565936100754BDD /* Frameworks */,
				2ABC68942565936100754BDD /* Resources */,
			);
			buildRules = (
			);
			dependencies = (
			);
			name = HackerNewsApp;
			productName = HackerNewsApp;
			productReference = 2ABC68962565936100754BDD /* HackerNewsApp.app */;
			productType = "com.apple.product-type.application";
		};
		2ABC68AB2565936100754BDD /* HackerNewsAppTests */ = {
			isa = PBXNativeTarget;
			buildConfigurationList = 2ABC68C32565936200754BDD /* Build configuration list for PBXNativeTarget "HackerNewsAppTests" */;
			buildPhases = (
				2ABC68A82565936100754BDD /* Sources */,
				2ABC68A92565936100754BDD /* Frameworks */,
				2ABC68AA2565936100754BDD /* Resources */,
			);
			buildRules = (
			);
			dependencies = (
				2ABC68AE2565936100754BDD /* PBXTargetDependency */,
			);
			name = HackerNewsAppTests;
			productName = HackerNewsAppTests;
			productReference = 2ABC68AC2565936100754BDD /* HackerNewsAppTests.xctest */;
			productType = "com.apple.product-type.bundle.unit-test";
		};
/* End PBXNativeTarget section */

/* Begin PBXProject section */
		2ABC688E2565936100754BDD /* Project object */ = {
			isa = PBXProject;
			attributes = {
				LastSwiftUpdateCheck = 1220;
				LastUpgradeCheck = 1220;
				TargetAttributes = {
					2ABC68952565936100754BDD = {
						CreatedOnToolsVersion = 12.2;
					};
					2ABC68AB2565936100754BDD = {
						CreatedOnToolsVersion = 12.2;
						TestTargetID = 2ABC68952565936100754BDD;
					};
				};
			};
			buildConfigurationList = 2ABC68912565936100754BDD /* Build configuration list for PBXProject "HackerNewsApp" */;
			compatibilityVersion = "Xcode 9.3";
			developmentRegion = en;
			hasScannedForEncodings = 0;
			knownRegions = (
				en,
				Base,
			);
			mainGroup = 2ABC688D2565936100754BDD;
			productRefGroup = 2ABC68972565936100754BDD /* Products */;
			projectDirPath = "";
			projectRoot = "";
			targets = (
				2ABC68952565936100754BDD /* HackerNewsApp */,
				2ABC68AB2565936100754BDD /* HackerNewsAppTests */,
			);
		};
/* End PBXProject section */

/* Begin PBXResourcesBuildPhase section */
		2ABC68942565936100754BDD /* Resources */ = {
			isa = PBXResourcesBuildPhase;
			buildActionMask = 2147483647;
			files = (
				2ABC68A62565936100754BDD /* LaunchScreen.storyboard in Resources */,
				2ABC68A32565936100754BDD /* Assets.xcassets in Resources */,
				2ABC694F2565D7B100754BDD /* HackerNewTableViewCell.xib in Resources */,
				2A7F87412566BD3700C49AFF /* WebViewController.xib in Resources */,
				2ABC68A12565936100754BDD /* Main.storyboard in Resources */,
			);
			runOnlyForDeploymentPostprocessing = 0;
		};
		2ABC68AA2565936100754BDD /* Resources */ = {
			isa = PBXResourcesBuildPhase;
			buildActionMask = 2147483647;
			files = (
			);
			runOnlyForDeploymentPostprocessing = 0;
		};
/* End PBXResourcesBuildPhase section */

/* Begin PBXSourcesBuildPhase section */
		2ABC68922565936100754BDD /* Sources */ = {
			isa = PBXSourcesBuildPhase;
			buildActionMask = 2147483647;
			files = (
				2ABC68E72565B41800754BDD /* NetworkManager.swift in Sources */,
				2A7F873D2566BCFC00C49AFF /* WebViewController.swift in Sources */,
				2ABC69062565B49200754BDD /* APIResult.swift in Sources */,
				2ABC69372565D67B00754BDD /* HackerNewsViewController.swift in Sources */,
				2ABC693B2565D71000754BDD /* UITableView+Extensions.swift in Sources */,
				2A7F8B982566F56E00C49AFF /* HackerNew.swift in Sources */,
				2ABC691E2565D1CA00754BDD /* APIRequests.swift in Sources */,
				2A7F8B902566F53200C49AFF /* HackerNewsDTO.swift in Sources */,
				2ABC693F2565D73700754BDD /* UIViewController+Extensions.swift in Sources */,
				2A7F872A2566AF1F00C49AFF /* AppCoordinator.swift in Sources */,
				2A7F87452566C10500C49AFF /* WebViewCoordinator.swift in Sources */,
				2ABC68F22565B44800754BDD /* HTTPMethod.swift in Sources */,
				2ABC689A2565936100754BDD /* AppDelegate.swift in Sources */,
				2A7F87262566AF1700C49AFF /* BaseCoordinator.swift in Sources */,
				2ABC69112565B4D600754BDD /* URLRequestBuilder.swift in Sources */,
				2A7F8B872566F24A00C49AFF /* DateFormatter+Extensions.swift in Sources */,
				2ABC694A2565D78500754BDD /* HackerNewTableViewCell.swift in Sources */,
				2ABC69542565DAB100754BDD /* Dynamic.swift in Sources */,
				2ABC69282565D51400754BDD /* HackerNewsService.swift in Sources */,
				2A7F872025668F9100C49AFF /* CacheManager.swift in Sources */,
				2ABC689C2565936100754BDD /* SceneDelegate.swift in Sources */,
				2ABC68F72565B45900754BDD /* HTTPHeader.swift in Sources */,
				2ABC68FC2565B46900754BDD /* APIRequest.swift in Sources */,
				2ABC68EC2565B42C00754BDD /* NetworkRequest.swift in Sources */,
				2A7F8B8B2566F26600C49AFF /* Date+Extensions.swift in Sources */,
				2ABC690B2565B49C00754BDD /* NetworkError.swift in Sources */,
				2ABC69012565B48100754BDD /* APIError.swift in Sources */,
				2A7F87332566AF8000C49AFF /* Coordinator.swift in Sources */,
				2ABC695A2565DAD100754BDD /* HackerNewsViewModel.swift in Sources */,
				2A7F872F2566AF7000C49AFF /* Storyboarded.swift in Sources */,
				2A7F87372566B24E00C49AFF /* HackerNewsCoordinator.swift in Sources */,
			);
			runOnlyForDeploymentPostprocessing = 0;
		};
		2ABC68A82565936100754BDD /* Sources */ = {
			isa = PBXSourcesBuildPhase;
			buildActionMask = 2147483647;
			files = (
				2ABC68DA2565954000754BDD /* NetworkManagerTests.swift in Sources */,
				2ABC68B12565936100754BDD /* HackerNewsAppTests.swift in Sources */,
				2A7F871425668B7F00C49AFF /* HackerNewsServiceTests.swift in Sources */,
				2ABC68E22565B3A000754BDD /* Mocks.swift in Sources */,
			);
			runOnlyForDeploymentPostprocessing = 0;
		};
/* End PBXSourcesBuildPhase section */

/* Begin PBXTargetDependency section */
		2ABC68AE2565936100754BDD /* PBXTargetDependency */ = {
			isa = PBXTargetDependency;
			target = 2ABC68952565936100754BDD /* HackerNewsApp */;
			targetProxy = 2ABC68AD2565936100754BDD /* PBXContainerItemProxy */;
		};
/* End PBXTargetDependency section */

/* Begin PBXVariantGroup section */
		2ABC689F2565936100754BDD /* Main.storyboard */ = {
			isa = PBXVariantGroup;
			children = (
				2ABC68A02565936100754BDD /* Base */,
			);
			name = Main.storyboard;
			sourceTree = "<group>";
		};
		2ABC68A42565936100754BDD /* LaunchScreen.storyboard */ = {
			isa = PBXVariantGroup;
			children = (
				2ABC68A52565936100754BDD /* Base */,
			);
			name = LaunchScreen.storyboard;
			sourceTree = "<group>";
		};
/* End PBXVariantGroup section */

/* Begin XCBuildConfiguration section */
		2ABC68BE2565936200754BDD /* Debug */ = {
			isa = XCBuildConfiguration;
			buildSettings = {
				ALWAYS_SEARCH_USER_PATHS = NO;
				CLANG_ANALYZER_NONNULL = YES;
				CLANG_ANALYZER_NUMBER_OBJECT_CONVERSION = YES_AGGRESSIVE;
				CLANG_CXX_LANGUAGE_STANDARD = "gnu++14";
				CLANG_CXX_LIBRARY = "libc++";
				CLANG_ENABLE_MODULES = YES;
				CLANG_ENABLE_OBJC_ARC = YES;
				CLANG_ENABLE_OBJC_WEAK = YES;
				CLANG_WARN_BLOCK_CAPTURE_AUTORELEASING = YES;
				CLANG_WARN_BOOL_CONVERSION = YES;
				CLANG_WARN_COMMA = YES;
				CLANG_WARN_CONSTANT_CONVERSION = YES;
				CLANG_WARN_DEPRECATED_OBJC_IMPLEMENTATIONS = YES;
				CLANG_WARN_DIRECT_OBJC_ISA_USAGE = YES_ERROR;
				CLANG_WARN_DOCUMENTATION_COMMENTS = YES;
				CLANG_WARN_EMPTY_BODY = YES;
				CLANG_WARN_ENUM_CONVERSION = YES;
				CLANG_WARN_INFINITE_RECURSION = YES;
				CLANG_WARN_INT_CONVERSION = YES;
				CLANG_WARN_NON_LITERAL_NULL_CONVERSION = YES;
				CLANG_WARN_OBJC_IMPLICIT_RETAIN_SELF = YES;
				CLANG_WARN_OBJC_LITERAL_CONVERSION = YES;
				CLANG_WARN_OBJC_ROOT_CLASS = YES_ERROR;
				CLANG_WARN_QUOTED_INCLUDE_IN_FRAMEWORK_HEADER = YES;
				CLANG_WARN_RANGE_LOOP_ANALYSIS = YES;
				CLANG_WARN_STRICT_PROTOTYPES = YES;
				CLANG_WARN_SUSPICIOUS_MOVE = YES;
				CLANG_WARN_UNGUARDED_AVAILABILITY = YES_AGGRESSIVE;
				CLANG_WARN_UNREACHABLE_CODE = YES;
				CLANG_WARN__DUPLICATE_METHOD_MATCH = YES;
				COPY_PHASE_STRIP = NO;
				DEBUG_INFORMATION_FORMAT = dwarf;
				ENABLE_STRICT_OBJC_MSGSEND = YES;
				ENABLE_TESTABILITY = YES;
				GCC_C_LANGUAGE_STANDARD = gnu11;
				GCC_DYNAMIC_NO_PIC = NO;
				GCC_NO_COMMON_BLOCKS = YES;
				GCC_OPTIMIZATION_LEVEL = 0;
				GCC_PREPROCESSOR_DEFINITIONS = (
					"DEBUG=1",
					"$(inherited)",
				);
				GCC_WARN_64_TO_32_BIT_CONVERSION = YES;
				GCC_WARN_ABOUT_RETURN_TYPE = YES_ERROR;
				GCC_WARN_UNDECLARED_SELECTOR = YES;
				GCC_WARN_UNINITIALIZED_AUTOS = YES_AGGRESSIVE;
				GCC_WARN_UNUSED_FUNCTION = YES;
				GCC_WARN_UNUSED_VARIABLE = YES;
				IPHONEOS_DEPLOYMENT_TARGET = 14.2;
				MTL_ENABLE_DEBUG_INFO = INCLUDE_SOURCE;
				MTL_FAST_MATH = YES;
				ONLY_ACTIVE_ARCH = YES;
				SDKROOT = iphoneos;
				SWIFT_ACTIVE_COMPILATION_CONDITIONS = DEBUG;
				SWIFT_OPTIMIZATION_LEVEL = "-Onone";
			};
			name = Debug;
		};
		2ABC68BF2565936200754BDD /* Release */ = {
			isa = XCBuildConfiguration;
			buildSettings = {
				ALWAYS_SEARCH_USER_PATHS = NO;
				CLANG_ANALYZER_NONNULL = YES;
				CLANG_ANALYZER_NUMBER_OBJECT_CONVERSION = YES_AGGRESSIVE;
				CLANG_CXX_LANGUAGE_STANDARD = "gnu++14";
				CLANG_CXX_LIBRARY = "libc++";
				CLANG_ENABLE_MODULES = YES;
				CLANG_ENABLE_OBJC_ARC = YES;
				CLANG_ENABLE_OBJC_WEAK = YES;
				CLANG_WARN_BLOCK_CAPTURE_AUTORELEASING = YES;
				CLANG_WARN_BOOL_CONVERSION = YES;
				CLANG_WARN_COMMA = YES;
				CLANG_WARN_CONSTANT_CONVERSION = YES;
				CLANG_WARN_DEPRECATED_OBJC_IMPLEMENTATIONS = YES;
				CLANG_WARN_DIRECT_OBJC_ISA_USAGE = YES_ERROR;
				CLANG_WARN_DOCUMENTATION_COMMENTS = YES;
				CLANG_WARN_EMPTY_BODY = YES;
				CLANG_WARN_ENUM_CONVERSION = YES;
				CLANG_WARN_INFINITE_RECURSION = YES;
				CLANG_WARN_INT_CONVERSION = YES;
				CLANG_WARN_NON_LITERAL_NULL_CONVERSION = YES;
				CLANG_WARN_OBJC_IMPLICIT_RETAIN_SELF = YES;
				CLANG_WARN_OBJC_LITERAL_CONVERSION = YES;
				CLANG_WARN_OBJC_ROOT_CLASS = YES_ERROR;
				CLANG_WARN_QUOTED_INCLUDE_IN_FRAMEWORK_HEADER = YES;
				CLANG_WARN_RANGE_LOOP_ANALYSIS = YES;
				CLANG_WARN_STRICT_PROTOTYPES = YES;
				CLANG_WARN_SUSPICIOUS_MOVE = YES;
				CLANG_WARN_UNGUARDED_AVAILABILITY = YES_AGGRESSIVE;
				CLANG_WARN_UNREACHABLE_CODE = YES;
				CLANG_WARN__DUPLICATE_METHOD_MATCH = YES;
				COPY_PHASE_STRIP = NO;
				DEBUG_INFORMATION_FORMAT = "dwarf-with-dsym";
				ENABLE_NS_ASSERTIONS = NO;
				ENABLE_STRICT_OBJC_MSGSEND = YES;
				GCC_C_LANGUAGE_STANDARD = gnu11;
				GCC_NO_COMMON_BLOCKS = YES;
				GCC_WARN_64_TO_32_BIT_CONVERSION = YES;
				GCC_WARN_ABOUT_RETURN_TYPE = YES_ERROR;
				GCC_WARN_UNDECLARED_SELECTOR = YES;
				GCC_WARN_UNINITIALIZED_AUTOS = YES_AGGRESSIVE;
				GCC_WARN_UNUSED_FUNCTION = YES;
				GCC_WARN_UNUSED_VARIABLE = YES;
				IPHONEOS_DEPLOYMENT_TARGET = 14.2;
				MTL_ENABLE_DEBUG_INFO = NO;
				MTL_FAST_MATH = YES;
				SDKROOT = iphoneos;
				SWIFT_COMPILATION_MODE = wholemodule;
				SWIFT_OPTIMIZATION_LEVEL = "-O";
				VALIDATE_PRODUCT = YES;
			};
			name = Release;
		};
		2ABC68C12565936200754BDD /* Debug */ = {
			isa = XCBuildConfiguration;
			buildSettings = {
				ASSETCATALOG_COMPILER_APPICON_NAME = AppIcon;
				ASSETCATALOG_COMPILER_GLOBAL_ACCENT_COLOR_NAME = AccentColor;
				CODE_SIGN_STYLE = Automatic;
				INFOPLIST_FILE = HackerNewsApp/Info.plist;
				LD_RUNPATH_SEARCH_PATHS = (
					"$(inherited)",
					"@executable_path/Frameworks",
				);
				PRODUCT_BUNDLE_IDENTIFIER = ezequiel.HackerNewsApp;
				PRODUCT_NAME = "$(TARGET_NAME)";
				SWIFT_VERSION = 5.0;
				TARGETED_DEVICE_FAMILY = "1,2";
			};
			name = Debug;
		};
		2ABC68C22565936200754BDD /* Release */ = {
			isa = XCBuildConfiguration;
			buildSettings = {
				ASSETCATALOG_COMPILER_APPICON_NAME = AppIcon;
				ASSETCATALOG_COMPILER_GLOBAL_ACCENT_COLOR_NAME = AccentColor;
				CODE_SIGN_STYLE = Automatic;
				INFOPLIST_FILE = HackerNewsApp/Info.plist;
				LD_RUNPATH_SEARCH_PATHS = (
					"$(inherited)",
					"@executable_path/Frameworks",
				);
				PRODUCT_BUNDLE_IDENTIFIER = ezequiel.HackerNewsApp;
				PRODUCT_NAME = "$(TARGET_NAME)";
				SWIFT_VERSION = 5.0;
				TARGETED_DEVICE_FAMILY = "1,2";
			};
			name = Release;
		};
		2ABC68C42565936200754BDD /* Debug */ = {
			isa = XCBuildConfiguration;
			buildSettings = {
				ALWAYS_EMBED_SWIFT_STANDARD_LIBRARIES = YES;
				BUNDLE_LOADER = "$(TEST_HOST)";
				CODE_SIGN_STYLE = Automatic;
				INFOPLIST_FILE = HackerNewsAppTests/Info.plist;
				IPHONEOS_DEPLOYMENT_TARGET = 14.2;
				LD_RUNPATH_SEARCH_PATHS = (
					"$(inherited)",
					"@executable_path/Frameworks",
					"@loader_path/Frameworks",
				);
				PRODUCT_BUNDLE_IDENTIFIER = ezequiel.HackerNewsAppTests;
				PRODUCT_NAME = "$(TARGET_NAME)";
				SWIFT_VERSION = 5.0;
				TARGETED_DEVICE_FAMILY = "1,2";
				TEST_HOST = "$(BUILT_PRODUCTS_DIR)/HackerNewsApp.app/HackerNewsApp";
			};
			name = Debug;
		};
		2ABC68C52565936200754BDD /* Release */ = {
			isa = XCBuildConfiguration;
			buildSettings = {
				ALWAYS_EMBED_SWIFT_STANDARD_LIBRARIES = YES;
				BUNDLE_LOADER = "$(TEST_HOST)";
				CODE_SIGN_STYLE = Automatic;
				INFOPLIST_FILE = HackerNewsAppTests/Info.plist;
				IPHONEOS_DEPLOYMENT_TARGET = 14.2;
				LD_RUNPATH_SEARCH_PATHS = (
					"$(inherited)",
					"@executable_path/Frameworks",
					"@loader_path/Frameworks",
				);
				PRODUCT_BUNDLE_IDENTIFIER = ezequiel.HackerNewsAppTests;
				PRODUCT_NAME = "$(TARGET_NAME)";
				SWIFT_VERSION = 5.0;
				TARGETED_DEVICE_FAMILY = "1,2";
				TEST_HOST = "$(BUILT_PRODUCTS_DIR)/HackerNewsApp.app/HackerNewsApp";
			};
			name = Release;
		};
/* End XCBuildConfiguration section */

/* Begin XCConfigurationList section */
		2ABC68912565936100754BDD /* Build configuration list for PBXProject "HackerNewsApp" */ = {
			isa = XCConfigurationList;
			buildConfigurations = (
				2ABC68BE2565936200754BDD /* Debug */,
				2ABC68BF2565936200754BDD /* Release */,
			);
			defaultConfigurationIsVisible = 0;
			defaultConfigurationName = Release;
		};
		2ABC68C02565936200754BDD /* Build configuration list for PBXNativeTarget "HackerNewsApp" */ = {
			isa = XCConfigurationList;
			buildConfigurations = (
				2ABC68C12565936200754BDD /* Debug */,
				2ABC68C22565936200754BDD /* Release */,
			);
			defaultConfigurationIsVisible = 0;
			defaultConfigurationName = Release;
		};
		2ABC68C32565936200754BDD /* Build configuration list for PBXNativeTarget "HackerNewsAppTests" */ = {
			isa = XCConfigurationList;
			buildConfigurations = (
				2ABC68C42565936200754BDD /* Debug */,
				2ABC68C52565936200754BDD /* Release */,
			);
			defaultConfigurationIsVisible = 0;
			defaultConfigurationName = Release;
		};
/* End XCConfigurationList section */
	};
	rootObject = 2ABC688E2565936100754BDD /* Project object */;
}
